
Microsoft Visual Studio Solution File, Format Version 12.00
# Visual Studio 15
VisualStudioVersion = 15.0.28307.645
MinimumVisualStudioVersion = 10.0.40219.1
Project("{8BC9CEB8-8B4A-11D0-8D11-00A0C91BC942}") = "8 sloshnaya ayayayay", "8 sloshnaya ayayayay\8 sloshnaya ayayayay.vcxproj", "{2436DA3C-E9D7-47B6-82DB-749BB10EE5A5}"
EndProject
Global
	GlobalSection(SolutionConfigurationPlatforms) = preSolution
		Debug|x64 = Debug|x64
		Debug|x86 = Debug|x86
		Release|x64 = Release|x64
		Release|x86 = Release|x86
	EndGlobalSection
	GlobalSection(ProjectConfigurationPlatforms) = postSolution
		{2436DA3C-E9D7-47B6-82DB-749BB10EE5A5}.Debug|x64.ActiveCfg = Debug|x64
		{2436DA3C-E9D7-47B6-82DB-749BB10EE5A5}.Debug|x64.Build.0 = Debug|x64
		{2436DA3C-E9D7-47B6-82DB-749BB10EE5A5}.Debug|x86.ActiveCfg = Debug|Win32
		{2436DA3C-E9D7-47B6-82DB-749BB10EE5A5}.Debug|x86.Build.0 = Debug|Win32
		{2436DA3C-E9D7-47B6-82DB-749BB10EE5A5}.Release|x64.ActiveCfg = Release|x64
		{2436DA3C-E9D7-47B6-82DB-749BB10EE5A5}.Release|x64.Build.0 = Release|x64
		{2436DA3C-E9D7-47B6-82DB-749BB10EE5A5}.Release|x86.ActiveCfg = Release|Win32
		{2436DA3C-E9D7-47B6-82DB-749BB10EE5A5}.Release|x86.Build.0 = Release|Win32
	EndGlobalSection
	GlobalSection(SolutionProperties) = preSolution
		HideSolutionNode = FALSE
	EndGlobalSection
	GlobalSection(ExtensibilityGlobals) = postSolution
		SolutionGuid = {305397A1-5BF8-41CB-97A1-6C68C7080054}
	EndGlobalSection
EndGlobal
